# THIS IS AN AUTOGENERATED FILE. DO NOT EDIT THIS FILE DIRECTLY.
# yarn lockfile v1


sonner@^1.4.3:
  version "1.4.3"
  resolved "https://registry.yarnpkg.com/sonner/-/sonner-1.4.3.tgz#b0c1cc175a0e9184460911ca9c396daec5311ae9"
  integrity sha512-SArYlHbkjqRuLiR0iGY2ZSr09oOrxw081ZZkQPfXrs8aZQLIBOLOdzTYxGJB5yIZ7qL56UEPmrX1YqbODwG0Lw==
